
Microsoft Visual Studio Solution File, Format Version 12.00
# Visual Studio Version 17
VisualStudioVersion = 17.8.34525.116
MinimumVisualStudioVersion = 10.0.40219.1
Project("{FAE04EC0-301F-11D3-BF4B-00C04F79EFBC}") = "DataAccess", "DataAccess\DataAccess.csproj", "{EF62857E-48A9-4457-9DBD-E19927729D00}"
EndProject
Project("{FAE04EC0-301F-11D3-BF4B-00C04F79EFBC}") = "DataStruct", "DataStruct\DataStruct.csproj", "{ED3E8E8B-9932-4A67-83ED-16D81F2A4A74}"
EndProject
Project("{FAE04EC0-301F-11D3-BF4B-00C04F79EFBC}") = "RekrutmenTNI", "RekrutmenTNI\RekrutmenTNI.csproj", "{BD6C6CEA-70AF-4C54-8733-D220C4BC1439}"
EndProject
Global
	GlobalSection(SolutionConfigurationPlatforms) = preSolution
		Debug|Any CPU = Debug|Any CPU
		Release|Any CPU = Release|Any CPU
	EndGlobalSection
	GlobalSection(ProjectConfigurationPlatforms) = postSolution
		{EF62857E-48A9-4457-9DBD-E19927729D00}.Debug|Any CPU.ActiveCfg = Debug|Any CPU
		{EF62857E-48A9-4457-9DBD-E19927729D00}.Debug|Any CPU.Build.0 = Debug|Any CPU
		{EF62857E-48A9-4457-9DBD-E19927729D00}.Release|Any CPU.ActiveCfg = Release|Any CPU
		{EF62857E-48A9-4457-9DBD-E19927729D00}.Release|Any CPU.Build.0 = Release|Any CPU
		{ED3E8E8B-9932-4A67-83ED-16D81F2A4A74}.Debug|Any CPU.ActiveCfg = Debug|Any CPU
		{ED3E8E8B-9932-4A67-83ED-16D81F2A4A74}.Debug|Any CPU.Build.0 = Debug|Any CPU
		{ED3E8E8B-9932-4A67-83ED-16D81F2A4A74}.Release|Any CPU.ActiveCfg = Release|Any CPU
		{ED3E8E8B-9932-4A67-83ED-16D81F2A4A74}.Release|Any CPU.Build.0 = Release|Any CPU
		{BD6C6CEA-70AF-4C54-8733-D220C4BC1439}.Debug|Any CPU.ActiveCfg = Debug|Any CPU
		{BD6C6CEA-70AF-4C54-8733-D220C4BC1439}.Debug|Any CPU.Build.0 = Debug|Any CPU
		{BD6C6CEA-70AF-4C54-8733-D220C4BC1439}.Release|Any CPU.ActiveCfg = Release|Any CPU
		{BD6C6CEA-70AF-4C54-8733-D220C4BC1439}.Release|Any CPU.Build.0 = Release|Any CPU
	EndGlobalSection
	GlobalSection(SolutionProperties) = preSolution
		HideSolutionNode = FALSE
	EndGlobalSection
EndGlobal
